
Microsoft Visual Studio Solution File, Format Version 12.00
# Visual Studio Version 16
VisualStudioVersion = 16.0.33027.164
MinimumVisualStudioVersion = 10.0.40219.1
Project("{FAE04EC0-301F-11D3-BF4B-00C04F79EFBC}") = "Students Details", "Students Details\Students Details.csproj", "{30BA0351-7339-4B85-8F67-4E0A0A037B6D}"
EndProject
Project("{2150E333-8FDC-42A3-9474-1A3956D46DE8}") = "SQL", "SQL", "{29ACA769-27FC-4558-9CF4-BB02D8079965}"
	ProjectSection(SolutionItems) = preProject
		..\..\..\Desktop\student details.sql = ..\..\..\Desktop\student details.sql
	EndProjectSection
EndProject
Global
	GlobalSection(SolutionConfigurationPlatforms) = preSolution
		Debug|Any CPU = Debug|Any CPU
		Release|Any CPU = Release|Any CPU
	EndGlobalSection
	GlobalSection(ProjectConfigurationPlatforms) = postSolution
		{30BA0351-7339-4B85-8F67-4E0A0A037B6D}.Debug|Any CPU.ActiveCfg = Debug|Any CPU
		{30BA0351-7339-4B85-8F67-4E0A0A037B6D}.Debug|Any CPU.Build.0 = Debug|Any CPU
		{30BA0351-7339-4B85-8F67-4E0A0A037B6D}.Release|Any CPU.ActiveCfg = Release|Any CPU
		{30BA0351-7339-4B85-8F67-4E0A0A037B6D}.Release|Any CPU.Build.0 = Release|Any CPU
	EndGlobalSection
	GlobalSection(SolutionProperties) = preSolution
		HideSolutionNode = FALSE
	EndGlobalSection
	GlobalSection(ExtensibilityGlobals) = postSolution
		SolutionGuid = {DFF5B2D0-EFC5-4B19-9489-E064C8FEF72F}
	EndGlobalSection
EndGlobal
